
Microsoft Visual Studio Solution File, Format Version 12.00
# Visual Studio 15
Project("{FAE04EC0-301F-11D3-BF4B-00C04F79EFBC}") = "Assembly-CSharp", "Assembly-CSharp.csproj", "{1823F0D5-E2F4-DE0D-C3F8-2AC5B19C8F41}"
EndProject
Global
	GlobalSection(SolutionConfigurationPlatforms) = preSolution
		Debug|Any CPU = Debug|Any CPU
		Release|Any CPU = Release|Any CPU
	EndGlobalSection
	GlobalSection(ProjectConfigurationPlatforms) = postSolution
		{1823F0D5-E2F4-DE0D-C3F8-2AC5B19C8F41}.Debug|Any CPU.ActiveCfg = Debug|Any CPU
		{1823F0D5-E2F4-DE0D-C3F8-2AC5B19C8F41}.Debug|Any CPU.Build.0 = Debug|Any CPU
		{1823F0D5-E2F4-DE0D-C3F8-2AC5B19C8F41}.Release|Any CPU.ActiveCfg = Release|Any CPU
		{1823F0D5-E2F4-DE0D-C3F8-2AC5B19C8F41}.Release|Any CPU.Build.0 = Release|Any CPU
	EndGlobalSection
	GlobalSection(SolutionProperties) = preSolution
		HideSolutionNode = FALSE
	EndGlobalSection
EndGlobal
